// !$*UTF8*$!
{
	archiveVersion = 1;
	classes = {
	};
	objectVersion = 50;
	objects = {

/* Begin PBXBuildFile section */
		2E635C2BBEBBB72C7DCBACE5 /* Pods_AmigoSecretoAppTests.framework in Frameworks */ = {isa = PBXBuildFile; fileRef = D44C0DEFDB75CE0008311949 /* Pods_AmigoSecretoAppTests.framework */; };
		83160697220CD2BE00C64920 /* UITextField+Extensions.swift in Sources */ = {isa = PBXBuildFile; fileRef = 8316068C220CD2BD00C64920 /* UITextField+Extensions.swift */; };
		8316069B220CD2BE00C64920 /* Validators.swift in Sources */ = {isa = PBXBuildFile; fileRef = 83160692220CD2BE00C64920 /* Validators.swift */; };
		8316069D220CD61700C64920 /* RegisterData.swift in Sources */ = {isa = PBXBuildFile; fileRef = 8316069C220CD61700C64920 /* RegisterData.swift */; };
		831606A72213217500C64920 /* SettingsViewController.swift in Sources */ = {isa = PBXBuildFile; fileRef = 831606A62213217500C64920 /* SettingsViewController.swift */; };
		831606A922146E7F00C64920 /* PersonaCell.swift in Sources */ = {isa = PBXBuildFile; fileRef = 831606A822146E7F00C64920 /* PersonaCell.swift */; };
		836EBCA4220A23E600FCF852 /* AppDelegate.swift in Sources */ = {isa = PBXBuildFile; fileRef = 836EBCA3220A23E600FCF852 /* AppDelegate.swift */; };
		836EBCA8220A23E600FCF852 /* SecondViewController.swift in Sources */ = {isa = PBXBuildFile; fileRef = 836EBCA7220A23E600FCF852 /* SecondViewController.swift */; };
		836EBCAB220A23E600FCF852 /* Main.storyboard in Resources */ = {isa = PBXBuildFile; fileRef = 836EBCA9220A23E600FCF852 /* Main.storyboard */; };
		836EBCAD220A23E900FCF852 /* Assets.xcassets in Resources */ = {isa = PBXBuildFile; fileRef = 836EBCAC220A23E900FCF852 /* Assets.xcassets */; };
		836EBCB0220A23E900FCF852 /* LaunchScreen.storyboard in Resources */ = {isa = PBXBuildFile; fileRef = 836EBCAE220A23E900FCF852 /* LaunchScreen.storyboard */; };
		836EBCBB220A23E900FCF852 /* AmigoSecretoAppTests.swift in Sources */ = {isa = PBXBuildFile; fileRef = 836EBCBA220A23E900FCF852 /* AmigoSecretoAppTests.swift */; };
		836EBCC6220A23E900FCF852 /* AmigoSecretoAppUITests.swift in Sources */ = {isa = PBXBuildFile; fileRef = 836EBCC5220A23E900FCF852 /* AmigoSecretoAppUITests.swift */; };
		836EBCD4220A30C000FCF852 /* LoginViewController.swift in Sources */ = {isa = PBXBuildFile; fileRef = 836EBCD3220A30C000FCF852 /* LoginViewController.swift */; };
		836EBCD6220A312B00FCF852 /* LoggedInViewController.swift in Sources */ = {isa = PBXBuildFile; fileRef = 836EBCD5220A312B00FCF852 /* LoggedInViewController.swift */; };
		836EBCD8220A367600FCF852 /* Extensions.swift in Sources */ = {isa = PBXBuildFile; fileRef = 836EBCD7220A367600FCF852 /* Extensions.swift */; };
		83DC733F220B6BC1005300C1 /* CoreDataUtils.swift in Sources */ = {isa = PBXBuildFile; fileRef = 83DC733E220B6BC1005300C1 /* CoreDataUtils.swift */; };
		83DC7389220C61C7005300C1 /* AmigoSecretoCoreDataModel.xcdatamodeld in Sources */ = {isa = PBXBuildFile; fileRef = 83DC7387220C61C7005300C1 /* AmigoSecretoCoreDataModel.xcdatamodeld */; };
		AABD92B99B88A010E6F43970 /* Pods_AmigoSecretoAppUITests.framework in Frameworks */ = {isa = PBXBuildFile; fileRef = EFE8FFB997F6D253AD2A0528 /* Pods_AmigoSecretoAppUITests.framework */; };
		EF8B45BEAA75EAA9C8C1EA9D /* Pods_AmigoSecretoApp.framework in Frameworks */ = {isa = PBXBuildFile; fileRef = 64516EA5F107BF3224E97C78 /* Pods_AmigoSecretoApp.framework */; };
/* End PBXBuildFile section */

/* Begin PBXContainerItemProxy section */
		836EBCB7220A23E900FCF852 /* PBXContainerItemProxy */ = {
			isa = PBXContainerItemProxy;
			containerPortal = 836EBC98220A23E600FCF852 /* Project object */;
			proxyType = 1;
			remoteGlobalIDString = 836EBC9F220A23E600FCF852;
			remoteInfo = AmigoSecretoApp;
		};
		836EBCC2220A23E900FCF852 /* PBXContainerItemProxy */ = {
			isa = PBXContainerItemProxy;
			containerPortal = 836EBC98220A23E600FCF852 /* Project object */;
			proxyType = 1;
			remoteGlobalIDString = 836EBC9F220A23E600FCF852;
			remoteInfo = AmigoSecretoApp;
		};
/* End PBXContainerItemProxy section */

/* Begin PBXFileReference section */
		446F8E1EAF616C889AC0ABA8 /* Pods-AmigoSecretoAppUITests.release.xcconfig */ = {isa = PBXFileReference; includeInIndex = 1; lastKnownFileType = text.xcconfig; name = "Pods-AmigoSecretoAppUITests.release.xcconfig"; path = "Pods/Target Support Files/Pods-AmigoSecretoAppUITests/Pods-AmigoSecretoAppUITests.release.xcconfig"; sourceTree = "<group>"; };
		64516EA5F107BF3224E97C78 /* Pods_AmigoSecretoApp.framework */ = {isa = PBXFileReference; explicitFileType = wrapper.framework; includeInIndex = 0; path = Pods_AmigoSecretoApp.framework; sourceTree = BUILT_PRODUCTS_DIR; };
		8316068C220CD2BD00C64920 /* UITextField+Extensions.swift */ = {isa = PBXFileReference; fileEncoding = 4; lastKnownFileType = sourcecode.swift; path = "UITextField+Extensions.swift"; sourceTree = "<group>"; };
		83160692220CD2BE00C64920 /* Validators.swift */ = {isa = PBXFileReference; fileEncoding = 4; lastKnownFileType = sourcecode.swift; path = Validators.swift; sourceTree = "<group>"; };
		8316069C220CD61700C64920 /* RegisterData.swift */ = {isa = PBXFileReference; fileEncoding = 4; lastKnownFileType = sourcecode.swift; path = RegisterData.swift; sourceTree = "<group>"; };
		8316069E220DC98600C64920 /* AppConfigs+CoreDataClass.swift */ = {isa = PBXFileReference; lastKnownFileType = sourcecode.swift; path = "AppConfigs+CoreDataClass.swift"; sourceTree = "<group>"; };
		8316069F220DC98600C64920 /* AppConfigs+CoreDataProperties.swift */ = {isa = PBXFileReference; lastKnownFileType = sourcecode.swift; path = "AppConfigs+CoreDataProperties.swift"; sourceTree = "<group>"; };
		831606A0220DC98600C64920 /* Person+CoreDataClass.swift */ = {isa = PBXFileReference; lastKnownFileType = sourcecode.swift; path = "Person+CoreDataClass.swift"; sourceTree = "<group>"; };
		831606A1220DC98600C64920 /* Person+CoreDataProperties.swift */ = {isa = PBXFileReference; lastKnownFileType = sourcecode.swift; path = "Person+CoreDataProperties.swift"; sourceTree = "<group>"; };
		831606A62213217500C64920 /* SettingsViewController.swift */ = {isa = PBXFileReference; fileEncoding = 4; lastKnownFileType = sourcecode.swift; path = SettingsViewController.swift; sourceTree = "<group>"; };
		831606A822146E7F00C64920 /* PersonaCell.swift */ = {isa = PBXFileReference; lastKnownFileType = sourcecode.swift; path = PersonaCell.swift; sourceTree = "<group>"; };
		836EBCA0220A23E600FCF852 /* AmigoSecretoApp.app */ = {isa = PBXFileReference; explicitFileType = wrapper.application; includeInIndex = 0; path = AmigoSecretoApp.app; sourceTree = BUILT_PRODUCTS_DIR; };
		836EBCA3220A23E600FCF852 /* AppDelegate.swift */ = {isa = PBXFileReference; lastKnownFileType = sourcecode.swift; path = AppDelegate.swift; sourceTree = "<group>"; };
		836EBCA7220A23E600FCF852 /* SecondViewController.swift */ = {isa = PBXFileReference; lastKnownFileType = sourcecode.swift; path = SecondViewController.swift; sourceTree = "<group>"; };
		836EBCAA220A23E600FCF852 /* Base */ = {isa = PBXFileReference; lastKnownFileType = file.storyboard; name = Base; path = Base.lproj/Main.storyboard; sourceTree = "<group>"; };
		836EBCAC220A23E900FCF852 /* Assets.xcassets */ = {isa = PBXFileReference; lastKnownFileType = folder.assetcatalog; path = Assets.xcassets; sourceTree = "<group>"; };
		836EBCAF220A23E900FCF852 /* Base */ = {isa = PBXFileReference; lastKnownFileType = file.storyboard; name = Base; path = Base.lproj/LaunchScreen.storyboard; sourceTree = "<group>"; };
		836EBCB1220A23E900FCF852 /* Info.plist */ = {isa = PBXFileReference; lastKnownFileType = text.plist.xml; path = Info.plist; sourceTree = "<group>"; };
		836EBCB6220A23E900FCF852 /* AmigoSecretoAppTests.xctest */ = {isa = PBXFileReference; explicitFileType = wrapper.cfbundle; includeInIndex = 0; path = AmigoSecretoAppTests.xctest; sourceTree = BUILT_PRODUCTS_DIR; };
		836EBCBA220A23E900FCF852 /* AmigoSecretoAppTests.swift */ = {isa = PBXFileReference; lastKnownFileType = sourcecode.swift; path = AmigoSecretoAppTests.swift; sourceTree = "<group>"; };
		836EBCBC220A23E900FCF852 /* Info.plist */ = {isa = PBXFileReference; lastKnownFileType = text.plist.xml; path = Info.plist; sourceTree = "<group>"; };
		836EBCC1220A23E900FCF852 /* AmigoSecretoAppUITests.xctest */ = {isa = PBXFileReference; explicitFileType = wrapper.cfbundle; includeInIndex = 0; path = AmigoSecretoAppUITests.xctest; sourceTree = BUILT_PRODUCTS_DIR; };
		836EBCC5220A23E900FCF852 /* AmigoSecretoAppUITests.swift */ = {isa = PBXFileReference; lastKnownFileType = sourcecode.swift; path = AmigoSecretoAppUITests.swift; sourceTree = "<group>"; };
		836EBCC7220A23E900FCF852 /* Info.plist */ = {isa = PBXFileReference; lastKnownFileType = text.plist.xml; path = Info.plist; sourceTree = "<group>"; };
		836EBCD3220A30C000FCF852 /* LoginViewController.swift */ = {isa = PBXFileReference; fileEncoding = 4; lastKnownFileType = sourcecode.swift; path = LoginViewController.swift; sourceTree = "<group>"; };
		836EBCD5220A312B00FCF852 /* LoggedInViewController.swift */ = {isa = PBXFileReference; fileEncoding = 4; lastKnownFileType = sourcecode.swift; path = LoggedInViewController.swift; sourceTree = "<group>"; };
		836EBCD7220A367600FCF852 /* Extensions.swift */ = {isa = PBXFileReference; fileEncoding = 4; lastKnownFileType = sourcecode.swift; path = Extensions.swift; sourceTree = "<group>"; };
		83DC732E220B4E62005300C1 /* Event+CoreDataClass.swift */ = {isa = PBXFileReference; lastKnownFileType = sourcecode.swift; path = "Event+CoreDataClass.swift"; sourceTree = "<group>"; };
		83DC732F220B4E62005300C1 /* Event+CoreDataProperties.swift */ = {isa = PBXFileReference; lastKnownFileType = sourcecode.swift; path = "Event+CoreDataProperties.swift"; sourceTree = "<group>"; };
		83DC7330220B4E62005300C1 /* Draw+CoreDataClass.swift */ = {isa = PBXFileReference; lastKnownFileType = sourcecode.swift; path = "Draw+CoreDataClass.swift"; sourceTree = "<group>"; };
		83DC7331220B4E62005300C1 /* Draw+CoreDataProperties.swift */ = {isa = PBXFileReference; lastKnownFileType = sourcecode.swift; path = "Draw+CoreDataProperties.swift"; sourceTree = "<group>"; };
		83DC733E220B6BC1005300C1 /* CoreDataUtils.swift */ = {isa = PBXFileReference; lastKnownFileType = sourcecode.swift; path = CoreDataUtils.swift; sourceTree = "<group>"; };
		83DC7388220C61C7005300C1 /* AmigoSecretoCoreDataModel.xcdatamodel */ = {isa = PBXFileReference; lastKnownFileType = wrapper.xcdatamodel; path = AmigoSecretoCoreDataModel.xcdatamodel; sourceTree = "<group>"; };
		88167EA138F92D15314E5609 /* Pods-AmigoSecretoApp.debug.xcconfig */ = {isa = PBXFileReference; includeInIndex = 1; lastKnownFileType = text.xcconfig; name = "Pods-AmigoSecretoApp.debug.xcconfig"; path = "Pods/Target Support Files/Pods-AmigoSecretoApp/Pods-AmigoSecretoApp.debug.xcconfig"; sourceTree = "<group>"; };
		B9FA87C909E0AECF3A92F679 /* Pods-AmigoSecretoAppTests.release.xcconfig */ = {isa = PBXFileReference; includeInIndex = 1; lastKnownFileType = text.xcconfig; name = "Pods-AmigoSecretoAppTests.release.xcconfig"; path = "Pods/Target Support Files/Pods-AmigoSecretoAppTests/Pods-AmigoSecretoAppTests.release.xcconfig"; sourceTree = "<group>"; };
		BC12DEFF0A4B132809A9CD42 /* Pods-AmigoSecretoAppUITests.debug.xcconfig */ = {isa = PBXFileReference; includeInIndex = 1; lastKnownFileType = text.xcconfig; name = "Pods-AmigoSecretoAppUITests.debug.xcconfig"; path = "Pods/Target Support Files/Pods-AmigoSecretoAppUITests/Pods-AmigoSecretoAppUITests.debug.xcconfig"; sourceTree = "<group>"; };
		C738BFE49DD28D27B2DFFBB2 /* Pods-AmigoSecretoAppTests.debug.xcconfig */ = {isa = PBXFileReference; includeInIndex = 1; lastKnownFileType = text.xcconfig; name = "Pods-AmigoSecretoAppTests.debug.xcconfig"; path = "Pods/Target Support Files/Pods-AmigoSecretoAppTests/Pods-AmigoSecretoAppTests.debug.xcconfig"; sourceTree = "<group>"; };
		CE6773B27E058B1F48B2FCAA /* Pods-AmigoSecretoApp.release.xcconfig */ = {isa = PBXFileReference; includeInIndex = 1; lastKnownFileType = text.xcconfig; name = "Pods-AmigoSecretoApp.release.xcconfig"; path = "Pods/Target Support Files/Pods-AmigoSecretoApp/Pods-AmigoSecretoApp.release.xcconfig"; sourceTree = "<group>"; };
		D44C0DEFDB75CE0008311949 /* Pods_AmigoSecretoAppTests.framework */ = {isa = PBXFileReference; explicitFileType = wrapper.framework; includeInIndex = 0; path = Pods_AmigoSecretoAppTests.framework; sourceTree = BUILT_PRODUCTS_DIR; };
		EFE8FFB997F6D253AD2A0528 /* Pods_AmigoSecretoAppUITests.framework */ = {isa = PBXFileReference; explicitFileType = wrapper.framework; includeInIndex = 0; path = Pods_AmigoSecretoAppUITests.framework; sourceTree = BUILT_PRODUCTS_DIR; };
/* End PBXFileReference section */

/* Begin PBXFrameworksBuildPhase section */
		836EBC9D220A23E600FCF852 /* Frameworks */ = {
			isa = PBXFrameworksBuildPhase;
			buildActionMask = 2147483647;
			files = (
				EF8B45BEAA75EAA9C8C1EA9D /* Pods_AmigoSecretoApp.framework in Frameworks */,
			);
			runOnlyForDeploymentPostprocessing = 0;
		};
		836EBCB3220A23E900FCF852 /* Frameworks */ = {
			isa = PBXFrameworksBuildPhase;
			buildActionMask = 2147483647;
			files = (
				2E635C2BBEBBB72C7DCBACE5 /* Pods_AmigoSecretoAppTests.framework in Frameworks */,
			);
			runOnlyForDeploymentPostprocessing = 0;
		};
		836EBCBE220A23E900FCF852 /* Frameworks */ = {
			isa = PBXFrameworksBuildPhase;
			buildActionMask = 2147483647;
			files = (
				AABD92B99B88A010E6F43970 /* Pods_AmigoSecretoAppUITests.framework in Frameworks */,
			);
			runOnlyForDeploymentPostprocessing = 0;
		};
/* End PBXFrameworksBuildPhase section */

/* Begin PBXGroup section */
		83160684220CD2BD00C64920 /* Validators */ = {
			isa = PBXGroup;
			children = (
				8316068B220CD2BD00C64920 /* Extensions */,
				83160691220CD2BE00C64920 /* Validation */,
			);
			path = Validators;
			sourceTree = "<group>";
		};
		8316068B220CD2BD00C64920 /* Extensions */ = {
			isa = PBXGroup;
			children = (
				8316068C220CD2BD00C64920 /* UITextField+Extensions.swift */,
			);
			path = Extensions;
			sourceTree = "<group>";
		};
		83160691220CD2BE00C64920 /* Validation */ = {
			isa = PBXGroup;
			children = (
				83160692220CD2BE00C64920 /* Validators.swift */,
			);
			path = Validation;
			sourceTree = "<group>";
		};
		836EBC97220A23E600FCF852 = {
			isa = PBXGroup;
			children = (
				836EBCA2220A23E600FCF852 /* AmigoSecretoApp */,
				836EBCB9220A23E900FCF852 /* AmigoSecretoAppTests */,
				836EBCC4220A23E900FCF852 /* AmigoSecretoAppUITests */,
				836EBCA1220A23E600FCF852 /* Products */,
				A58E6E5A4D174F21FC0740C7 /* Pods */,
				A90A2776CAE800109F113CB2 /* Frameworks */,
			);
			sourceTree = "<group>";
		};
		836EBCA1220A23E600FCF852 /* Products */ = {
			isa = PBXGroup;
			children = (
				836EBCA0220A23E600FCF852 /* AmigoSecretoApp.app */,
				836EBCB6220A23E900FCF852 /* AmigoSecretoAppTests.xctest */,
				836EBCC1220A23E900FCF852 /* AmigoSecretoAppUITests.xctest */,
			);
			name = Products;
			sourceTree = "<group>";
		};
		836EBCA2220A23E600FCF852 /* AmigoSecretoApp */ = {
			isa = PBXGroup;
			children = (
				83160684220CD2BD00C64920 /* Validators */,
				83DC72F9220B286A005300C1 /* DataModel */,
				836EBCA3220A23E600FCF852 /* AppDelegate.swift */,
				836EBCD3220A30C000FCF852 /* LoginViewController.swift */,
				836EBCD5220A312B00FCF852 /* LoggedInViewController.swift */,
				831606A822146E7F00C64920 /* PersonaCell.swift */,
				836EBCA7220A23E600FCF852 /* SecondViewController.swift */,
				831606A62213217500C64920 /* SettingsViewController.swift */,
				836EBCD7220A367600FCF852 /* Extensions.swift */,
				836EBCA9220A23E600FCF852 /* Main.storyboard */,
				836EBCAC220A23E900FCF852 /* Assets.xcassets */,
				836EBCAE220A23E900FCF852 /* LaunchScreen.storyboard */,
				836EBCB1220A23E900FCF852 /* Info.plist */,
			);
			path = AmigoSecretoApp;
			sourceTree = "<group>";
		};
		836EBCB9220A23E900FCF852 /* AmigoSecretoAppTests */ = {
			isa = PBXGroup;
			children = (
				836EBCBA220A23E900FCF852 /* AmigoSecretoAppTests.swift */,
				836EBCBC220A23E900FCF852 /* Info.plist */,
			);
			path = AmigoSecretoAppTests;
			sourceTree = "<group>";
		};
		836EBCC4220A23E900FCF852 /* AmigoSecretoAppUITests */ = {
			isa = PBXGroup;
			children = (
				836EBCC5220A23E900FCF852 /* AmigoSecretoAppUITests.swift */,
				836EBCC7220A23E900FCF852 /* Info.plist */,
			);
			path = AmigoSecretoAppUITests;
			sourceTree = "<group>";
		};
		83DC72F9220B286A005300C1 /* DataModel */ = {
			isa = PBXGroup;
			children = (
				8316069E220DC98600C64920 /* AppConfigs+CoreDataClass.swift */,
				8316069F220DC98600C64920 /* AppConfigs+CoreDataProperties.swift */,
				831606A0220DC98600C64920 /* Person+CoreDataClass.swift */,
				831606A1220DC98600C64920 /* Person+CoreDataProperties.swift */,
				8316069C220CD61700C64920 /* RegisterData.swift */,
				83DC7387220C61C7005300C1 /* AmigoSecretoCoreDataModel.xcdatamodeld */,
				83DC732E220B4E62005300C1 /* Event+CoreDataClass.swift */,
				83DC732F220B4E62005300C1 /* Event+CoreDataProperties.swift */,
				83DC7330220B4E62005300C1 /* Draw+CoreDataClass.swift */,
				83DC7331220B4E62005300C1 /* Draw+CoreDataProperties.swift */,
				83DC733E220B6BC1005300C1 /* CoreDataUtils.swift */,
			);
			path = DataModel;
			sourceTree = "<group>";
		};
		A58E6E5A4D174F21FC0740C7 /* Pods */ = {
			isa = PBXGroup;
			children = (
				88167EA138F92D15314E5609 /* Pods-AmigoSecretoApp.debug.xcconfig */,
				CE6773B27E058B1F48B2FCAA /* Pods-AmigoSecretoApp.release.xcconfig */,
				C738BFE49DD28D27B2DFFBB2 /* Pods-AmigoSecretoAppTests.debug.xcconfig */,
				B9FA87C909E0AECF3A92F679 /* Pods-AmigoSecretoAppTests.release.xcconfig */,
				BC12DEFF0A4B132809A9CD42 /* Pods-AmigoSecretoAppUITests.debug.xcconfig */,
				446F8E1EAF616C889AC0ABA8 /* Pods-AmigoSecretoAppUITests.release.xcconfig */,
			);
			name = Pods;
			sourceTree = "<group>";
		};
		A90A2776CAE800109F113CB2 /* Frameworks */ = {
			isa = PBXGroup;
			children = (
				64516EA5F107BF3224E97C78 /* Pods_AmigoSecretoApp.framework */,
				D44C0DEFDB75CE0008311949 /* Pods_AmigoSecretoAppTests.framework */,
				EFE8FFB997F6D253AD2A0528 /* Pods_AmigoSecretoAppUITests.framework */,
			);
			name = Frameworks;
			sourceTree = "<group>";
		};
/* End PBXGroup section */

/* Begin PBXNativeTarget section */
		836EBC9F220A23E600FCF852 /* AmigoSecretoApp */ = {
			isa = PBXNativeTarget;
			buildConfigurationList = 836EBCCA220A23E900FCF852 /* Build configuration list for PBXNativeTarget "AmigoSecretoApp" */;
			buildPhases = (
				866B936544E0D1BAA458E2F1 /* [CP] Check Pods Manifest.lock */,
				836EBC9C220A23E600FCF852 /* Sources */,
				836EBC9D220A23E600FCF852 /* Frameworks */,
				836EBC9E220A23E600FCF852 /* Resources */,
				5ED782A59BBFDF7C31240EAC /* [CP] Embed Pods Frameworks */,
			);
			buildRules = (
			);
			dependencies = (
			);
			name = AmigoSecretoApp;
			productName = AmigoSecretoApp;
			productReference = 836EBCA0220A23E600FCF852 /* AmigoSecretoApp.app */;
			productType = "com.apple.product-type.application";
		};
		836EBCB5220A23E900FCF852 /* AmigoSecretoAppTests */ = {
			isa = PBXNativeTarget;
			buildConfigurationList = 836EBCCD220A23E900FCF852 /* Build configuration list for PBXNativeTarget "AmigoSecretoAppTests" */;
			buildPhases = (
				982E01EB468FE765082221C6 /* [CP] Check Pods Manifest.lock */,
				836EBCB2220A23E900FCF852 /* Sources */,
				836EBCB3220A23E900FCF852 /* Frameworks */,
				836EBCB4220A23E900FCF852 /* Resources */,
			);
			buildRules = (
			);
			dependencies = (
				836EBCB8220A23E900FCF852 /* PBXTargetDependency */,
			);
			name = AmigoSecretoAppTests;
			productName = AmigoSecretoAppTests;
			productReference = 836EBCB6220A23E900FCF852 /* AmigoSecretoAppTests.xctest */;
			productType = "com.apple.product-type.bundle.unit-test";
		};
		836EBCC0220A23E900FCF852 /* AmigoSecretoAppUITests */ = {
			isa = PBXNativeTarget;
			buildConfigurationList = 836EBCD0220A23E900FCF852 /* Build configuration list for PBXNativeTarget "AmigoSecretoAppUITests" */;
			buildPhases = (
				BCD2CFD4DC5B46C5B0F80B07 /* [CP] Check Pods Manifest.lock */,
				836EBCBD220A23E900FCF852 /* Sources */,
				836EBCBE220A23E900FCF852 /* Frameworks */,
				836EBCBF220A23E900FCF852 /* Resources */,
			);
			buildRules = (
			);
			dependencies = (
				836EBCC3220A23E900FCF852 /* PBXTargetDependency */,
			);
			name = AmigoSecretoAppUITests;
			productName = AmigoSecretoAppUITests;
			productReference = 836EBCC1220A23E900FCF852 /* AmigoSecretoAppUITests.xctest */;
			productType = "com.apple.product-type.bundle.ui-testing";
		};
/* End PBXNativeTarget section */

/* Begin PBXProject section */
		836EBC98220A23E600FCF852 /* Project object */ = {
			isa = PBXProject;
			attributes = {
				LastSwiftUpdateCheck = 1020;
				LastUpgradeCheck = 1020;
				ORGANIZATIONNAME = "Renzo Manuel Alvarado Passalacqua";
				TargetAttributes = {
					836EBC9F220A23E600FCF852 = {
						CreatedOnToolsVersion = 10.2;
					};
					836EBCB5220A23E900FCF852 = {
						CreatedOnToolsVersion = 10.2;
						TestTargetID = 836EBC9F220A23E600FCF852;
					};
					836EBCC0220A23E900FCF852 = {
						CreatedOnToolsVersion = 10.2;
						TestTargetID = 836EBC9F220A23E600FCF852;
					};
				};
			};
			buildConfigurationList = 836EBC9B220A23E600FCF852 /* Build configuration list for PBXProject "AmigoSecretoApp" */;
			compatibilityVersion = "Xcode 9.3";
			developmentRegion = en;
			hasScannedForEncodings = 0;
			knownRegions = (
				en,
				Base,
			);
			mainGroup = 836EBC97220A23E600FCF852;
			productRefGroup = 836EBCA1220A23E600FCF852 /* Products */;
			projectDirPath = "";
			projectRoot = "";
			targets = (
				836EBC9F220A23E600FCF852 /* AmigoSecretoApp */,
				836EBCB5220A23E900FCF852 /* AmigoSecretoAppTests */,
				836EBCC0220A23E900FCF852 /* AmigoSecretoAppUITests */,
			);
		};
/* End PBXProject section */

/* Begin PBXResourcesBuildPhase section */
		836EBC9E220A23E600FCF852 /* Resources */ = {
			isa = PBXResourcesBuildPhase;
			buildActionMask = 2147483647;
			files = (
				836EBCB0220A23E900FCF852 /* LaunchScreen.storyboard in Resources */,
				836EBCAD220A23E900FCF852 /* Assets.xcassets in Resources */,
				836EBCAB220A23E600FCF852 /* Main.storyboard in Resources */,
			);
			runOnlyForDeploymentPostprocessing = 0;
		};
		836EBCB4220A23E900FCF852 /* Resources */ = {
			isa = PBXResourcesBuildPhase;
			buildActionMask = 2147483647;
			files = (
			);
			runOnlyForDeploymentPostprocessing = 0;
		};
		836EBCBF220A23E900FCF852 /* Resources */ = {
			isa = PBXResourcesBuildPhase;
			buildActionMask = 2147483647;
			files = (
			);
			runOnlyForDeploymentPostprocessing = 0;
		};
/* End PBXResourcesBuildPhase section */

/* Begin PBXShellScriptBuildPhase section */
		5ED782A59BBFDF7C31240EAC /* [CP] Embed Pods Frameworks */ = {
			isa = PBXShellScriptBuildPhase;
			buildActionMask = 2147483647;
			files = (
			);
			inputFileListPaths = (
			);
			inputPaths = (
				"${SRCROOT}/Pods/Target Support Files/Pods-AmigoSecretoApp/Pods-AmigoSecretoApp-frameworks.sh",
				"${BUILT_PRODUCTS_DIR}/PromiseKit/PromiseKit.framework",
			);
			name = "[CP] Embed Pods Frameworks";
			outputFileListPaths = (
			);
			outputPaths = (
				"${TARGET_BUILD_DIR}/${FRAMEWORKS_FOLDER_PATH}/PromiseKit.framework",
			);
			runOnlyForDeploymentPostprocessing = 0;
			shellPath = /bin/sh;
			shellScript = "\"${SRCROOT}/Pods/Target Support Files/Pods-AmigoSecretoApp/Pods-AmigoSecretoApp-frameworks.sh\"\n";
			showEnvVarsInLog = 0;
		};
		866B936544E0D1BAA458E2F1 /* [CP] Check Pods Manifest.lock */ = {
			isa = PBXShellScriptBuildPhase;
			buildActionMask = 2147483647;
			files = (
			);
			inputFileListPaths = (
			);
			inputPaths = (
				"${PODS_PODFILE_DIR_PATH}/Podfile.lock",
				"${PODS_ROOT}/Manifest.lock",
			);
			name = "[CP] Check Pods Manifest.lock";
			outputFileListPaths = (
			);
			outputPaths = (
				"$(DERIVED_FILE_DIR)/Pods-AmigoSecretoApp-checkManifestLockResult.txt",
			);
			runOnlyForDeploymentPostprocessing = 0;
			shellPath = /bin/sh;
			shellScript = "diff \"${PODS_PODFILE_DIR_PATH}/Podfile.lock\" \"${PODS_ROOT}/Manifest.lock\" > /dev/null\nif [ $? != 0 ] ; then\n    # print error to STDERR\n    echo \"error: The sandbox is not in sync with the Podfile.lock. Run 'pod install' or update your CocoaPods installation.\" >&2\n    exit 1\nfi\n# This output is used by Xcode 'outputs' to avoid re-running this script phase.\necho \"SUCCESS\" > \"${SCRIPT_OUTPUT_FILE_0}\"\n";
			showEnvVarsInLog = 0;
		};
		982E01EB468FE765082221C6 /* [CP] Check Pods Manifest.lock */ = {
			isa = PBXShellScriptBuildPhase;
			buildActionMask = 2147483647;
			files = (
			);
			inputFileListPaths = (
			);
			inputPaths = (
				"${PODS_PODFILE_DIR_PATH}/Podfile.lock",
				"${PODS_ROOT}/Manifest.lock",
			);
			name = "[CP] Check Pods Manifest.lock";
			outputFileListPaths = (
			);
			outputPaths = (
				"$(DERIVED_FILE_DIR)/Pods-AmigoSecretoAppTests-checkManifestLockResult.txt",
			);
			runOnlyForDeploymentPostprocessing = 0;
			shellPath = /bin/sh;
			shellScript = "diff \"${PODS_PODFILE_DIR_PATH}/Podfile.lock\" \"${PODS_ROOT}/Manifest.lock\" > /dev/null\nif [ $? != 0 ] ; then\n    # print error to STDERR\n    echo \"error: The sandbox is not in sync with the Podfile.lock. Run 'pod install' or update your CocoaPods installation.\" >&2\n    exit 1\nfi\n# This output is used by Xcode 'outputs' to avoid re-running this script phase.\necho \"SUCCESS\" > \"${SCRIPT_OUTPUT_FILE_0}\"\n";
			showEnvVarsInLog = 0;
		};
		BCD2CFD4DC5B46C5B0F80B07 /* [CP] Check Pods Manifest.lock */ = {
			isa = PBXShellScriptBuildPhase;
			buildActionMask = 2147483647;
			files = (
			);
			inputFileListPaths = (
			);
			inputPaths = (
				"${PODS_PODFILE_DIR_PATH}/Podfile.lock",
				"${PODS_ROOT}/Manifest.lock",
			);
			name = "[CP] Check Pods Manifest.lock";
			outputFileListPaths = (
			);
			outputPaths = (
				"$(DERIVED_FILE_DIR)/Pods-AmigoSecretoAppUITests-checkManifestLockResult.txt",
			);
			runOnlyForDeploymentPostprocessing = 0;
			shellPath = /bin/sh;
			shellScript = "diff \"${PODS_PODFILE_DIR_PATH}/Podfile.lock\" \"${PODS_ROOT}/Manifest.lock\" > /dev/null\nif [ $? != 0 ] ; then\n    # print error to STDERR\n    echo \"error: The sandbox is not in sync with the Podfile.lock. Run 'pod install' or update your CocoaPods installation.\" >&2\n    exit 1\nfi\n# This output is used by Xcode 'outputs' to avoid re-running this script phase.\necho \"SUCCESS\" > \"${SCRIPT_OUTPUT_FILE_0}\"\n";
			showEnvVarsInLog = 0;
		};
/* End PBXShellScriptBuildPhase section */

/* Begin PBXSourcesBuildPhase section */
		836EBC9C220A23E600FCF852 /* Sources */ = {
			isa = PBXSourcesBuildPhase;
			buildActionMask = 2147483647;
			files = (
				836EBCA8220A23E600FCF852 /* SecondViewController.swift in Sources */,
				836EBCD8220A367600FCF852 /* Extensions.swift in Sources */,
				831606A72213217500C64920 /* SettingsViewController.swift in Sources */,
				83DC7389220C61C7005300C1 /* AmigoSecretoCoreDataModel.xcdatamodeld in Sources */,
				831606A922146E7F00C64920 /* PersonaCell.swift in Sources */,
				8316069D220CD61700C64920 /* RegisterData.swift in Sources */,
				83160697220CD2BE00C64920 /* UITextField+Extensions.swift in Sources */,
				836EBCD6220A312B00FCF852 /* LoggedInViewController.swift in Sources */,
				836EBCA4220A23E600FCF852 /* AppDelegate.swift in Sources */,
				836EBCD4220A30C000FCF852 /* LoginViewController.swift in Sources */,
				8316069B220CD2BE00C64920 /* Validators.swift in Sources */,
				83DC733F220B6BC1005300C1 /* CoreDataUtils.swift in Sources */,
			);
			runOnlyForDeploymentPostprocessing = 0;
		};
		836EBCB2220A23E900FCF852 /* Sources */ = {
			isa = PBXSourcesBuildPhase;
			buildActionMask = 2147483647;
			files = (
				836EBCBB220A23E900FCF852 /* AmigoSecretoAppTests.swift in Sources */,
			);
			runOnlyForDeploymentPostprocessing = 0;
		};
		836EBCBD220A23E900FCF852 /* Sources */ = {
			isa = PBXSourcesBuildPhase;
			buildActionMask = 2147483647;
			files = (
				836EBCC6220A23E900FCF852 /* AmigoSecretoAppUITests.swift in Sources */,
			);
			runOnlyForDeploymentPostprocessing = 0;
		};
/* End PBXSourcesBuildPhase section */

/* Begin PBXTargetDependency section */
		836EBCB8220A23E900FCF852 /* PBXTargetDependency */ = {
			isa = PBXTargetDependency;
			target = 836EBC9F220A23E600FCF852 /* AmigoSecretoApp */;
			targetProxy = 836EBCB7220A23E900FCF852 /* PBXContainerItemProxy */;
		};
		836EBCC3220A23E900FCF852 /* PBXTargetDependency */ = {
			isa = PBXTargetDependency;
			target = 836EBC9F220A23E600FCF852 /* AmigoSecretoApp */;
			targetProxy = 836EBCC2220A23E900FCF852 /* PBXContainerItemProxy */;
		};
/* End PBXTargetDependency section */

/* Begin PBXVariantGroup section */
		836EBCA9220A23E600FCF852 /* Main.storyboard */ = {
			isa = PBXVariantGroup;
			children = (
				836EBCAA220A23E600FCF852 /* Base */,
			);
			name = Main.storyboard;
			sourceTree = "<group>";
		};
		836EBCAE220A23E900FCF852 /* LaunchScreen.storyboard */ = {
			isa = PBXVariantGroup;
			children = (
				836EBCAF220A23E900FCF852 /* Base */,
			);
			name = LaunchScreen.storyboard;
			sourceTree = "<group>";
		};
/* End PBXVariantGroup section */

/* Begin XCBuildConfiguration section */
		836EBCC8220A23E900FCF852 /* Debug */ = {
			isa = XCBuildConfiguration;
			buildSettings = {
				ALWAYS_SEARCH_USER_PATHS = NO;
				CLANG_ANALYZER_NONNULL = YES;
				CLANG_ANALYZER_NUMBER_OBJECT_CONVERSION = YES_AGGRESSIVE;
				CLANG_CXX_LANGUAGE_STANDARD = "gnu++14";
				CLANG_CXX_LIBRARY = "libc++";
				CLANG_ENABLE_MODULES = YES;
				CLANG_ENABLE_OBJC_ARC = YES;
				CLANG_ENABLE_OBJC_WEAK = YES;
				CLANG_WARN_BLOCK_CAPTURE_AUTORELEASING = YES;
				CLANG_WARN_BOOL_CONVERSION = YES;
				CLANG_WARN_COMMA = YES;
				CLANG_WARN_CONSTANT_CONVERSION = YES;
				CLANG_WARN_DEPRECATED_OBJC_IMPLEMENTATIONS = YES;
				CLANG_WARN_DIRECT_OBJC_ISA_USAGE = YES_ERROR;
				CLANG_WARN_DOCUMENTATION_COMMENTS = YES;
				CLANG_WARN_EMPTY_BODY = YES;
				CLANG_WARN_ENUM_CONVERSION = YES;
				CLANG_WARN_INFINITE_RECURSION = YES;
				CLANG_WARN_INT_CONVERSION = YES;
				CLANG_WARN_NON_LITERAL_NULL_CONVERSION = YES;
				CLANG_WARN_OBJC_IMPLICIT_RETAIN_SELF = YES;
				CLANG_WARN_OBJC_LITERAL_CONVERSION = YES;
				CLANG_WARN_OBJC_ROOT_CLASS = YES_ERROR;
				CLANG_WARN_RANGE_LOOP_ANALYSIS = YES;
				CLANG_WARN_STRICT_PROTOTYPES = YES;
				CLANG_WARN_SUSPICIOUS_MOVE = YES;
				CLANG_WARN_UNGUARDED_AVAILABILITY = YES_AGGRESSIVE;
				CLANG_WARN_UNREACHABLE_CODE = YES;
				CLANG_WARN__DUPLICATE_METHOD_MATCH = YES;
				CODE_SIGN_IDENTITY = "iPhone Developer";
				COPY_PHASE_STRIP = NO;
				DEBUG_INFORMATION_FORMAT = dwarf;
				ENABLE_STRICT_OBJC_MSGSEND = YES;
				ENABLE_TESTABILITY = YES;
				GCC_C_LANGUAGE_STANDARD = gnu11;
				GCC_DYNAMIC_NO_PIC = NO;
				GCC_NO_COMMON_BLOCKS = YES;
				GCC_OPTIMIZATION_LEVEL = 0;
				GCC_PREPROCESSOR_DEFINITIONS = (
					"DEBUG=1",
					"$(inherited)",
				);
				GCC_WARN_64_TO_32_BIT_CONVERSION = YES;
				GCC_WARN_ABOUT_RETURN_TYPE = YES_ERROR;
				GCC_WARN_UNDECLARED_SELECTOR = YES;
				GCC_WARN_UNINITIALIZED_AUTOS = YES_AGGRESSIVE;
				GCC_WARN_UNUSED_FUNCTION = YES;
				GCC_WARN_UNUSED_VARIABLE = YES;
				IPHONEOS_DEPLOYMENT_TARGET = 12.2;
				MTL_ENABLE_DEBUG_INFO = INCLUDE_SOURCE;
				MTL_FAST_MATH = YES;
				ONLY_ACTIVE_ARCH = YES;
				SDKROOT = iphoneos;
				SWIFT_ACTIVE_COMPILATION_CONDITIONS = DEBUG;
				SWIFT_OPTIMIZATION_LEVEL = "-Onone";
			};
			name = Debug;
		};
		836EBCC9220A23E900FCF852 /* Release */ = {
			isa = XCBuildConfiguration;
			buildSettings = {
				ALWAYS_SEARCH_USER_PATHS = NO;
				CLANG_ANALYZER_NONNULL = YES;
				CLANG_ANALYZER_NUMBER_OBJECT_CONVERSION = YES_AGGRESSIVE;
				CLANG_CXX_LANGUAGE_STANDARD = "gnu++14";
				CLANG_CXX_LIBRARY = "libc++";
				CLANG_ENABLE_MODULES = YES;
				CLANG_ENABLE_OBJC_ARC = YES;
				CLANG_ENABLE_OBJC_WEAK = YES;
				CLANG_WARN_BLOCK_CAPTURE_AUTORELEASING = YES;
				CLANG_WARN_BOOL_CONVERSION = YES;
				CLANG_WARN_COMMA = YES;
				CLANG_WARN_CONSTANT_CONVERSION = YES;
				CLANG_WARN_DEPRECATED_OBJC_IMPLEMENTATIONS = YES;
				CLANG_WARN_DIRECT_OBJC_ISA_USAGE = YES_ERROR;
				CLANG_WARN_DOCUMENTATION_COMMENTS = YES;
				CLANG_WARN_EMPTY_BODY = YES;
				CLANG_WARN_ENUM_CONVERSION = YES;
				CLANG_WARN_INFINITE_RECURSION = YES;
				CLANG_WARN_INT_CONVERSION = YES;
				CLANG_WARN_NON_LITERAL_NULL_CONVERSION = YES;
				CLANG_WARN_OBJC_IMPLICIT_RETAIN_SELF = YES;
				CLANG_WARN_OBJC_LITERAL_CONVERSION = YES;
				CLANG_WARN_OBJC_ROOT_CLASS = YES_ERROR;
				CLANG_WARN_RANGE_LOOP_ANALYSIS = YES;
				CLANG_WARN_STRICT_PROTOTYPES = YES;
				CLANG_WARN_SUSPICIOUS_MOVE = YES;
				CLANG_WARN_UNGUARDED_AVAILABILITY = YES_AGGRESSIVE;
				CLANG_WARN_UNREACHABLE_CODE = YES;
				CLANG_WARN__DUPLICATE_METHOD_MATCH = YES;
				CODE_SIGN_IDENTITY = "iPhone Developer";
				COPY_PHASE_STRIP = NO;
				DEBUG_INFORMATION_FORMAT = "dwarf-with-dsym";
				ENABLE_NS_ASSERTIONS = NO;
				ENABLE_STRICT_OBJC_MSGSEND = YES;
				GCC_C_LANGUAGE_STANDARD = gnu11;
				GCC_NO_COMMON_BLOCKS = YES;
				GCC_WARN_64_TO_32_BIT_CONVERSION = YES;
				GCC_WARN_ABOUT_RETURN_TYPE = YES_ERROR;
				GCC_WARN_UNDECLARED_SELECTOR = YES;
				GCC_WARN_UNINITIALIZED_AUTOS = YES_AGGRESSIVE;
				GCC_WARN_UNUSED_FUNCTION = YES;
				GCC_WARN_UNUSED_VARIABLE = YES;
				IPHONEOS_DEPLOYMENT_TARGET = 12.2;
				MTL_ENABLE_DEBUG_INFO = NO;
				MTL_FAST_MATH = YES;
				SDKROOT = iphoneos;
				SWIFT_COMPILATION_MODE = wholemodule;
				SWIFT_OPTIMIZATION_LEVEL = "-O";
				VALIDATE_PRODUCT = YES;
			};
			name = Release;
		};
		836EBCCB220A23E900FCF852 /* Debug */ = {
			isa = XCBuildConfiguration;
			baseConfigurationReference = 88167EA138F92D15314E5609 /* Pods-AmigoSecretoApp.debug.xcconfig */;
			buildSettings = {
				ASSETCATALOG_COMPILER_APPICON_NAME = AppIcon;
				CODE_SIGN_STYLE = Automatic;
				INFOPLIST_FILE = AmigoSecretoApp/Info.plist;
				IPHONEOS_DEPLOYMENT_TARGET = 11.0;
				LD_RUNPATH_SEARCH_PATHS = (
					"$(inherited)",
					"@executable_path/Frameworks",
				);
				PRODUCT_BUNDLE_IDENTIFIER = Belatrixsf.AmigoSecretoApp;
				PRODUCT_MODULE_NAME = "$(PRODUCT_NAME:c99extidentifier)Extension";
				PRODUCT_NAME = "$(TARGET_NAME)";
				SWIFT_VERSION = 5.0;
				TARGETED_DEVICE_FAMILY = 1;
			};
			name = Debug;
		};
		836EBCCC220A23E900FCF852 /* Release */ = {
			isa = XCBuildConfiguration;
			baseConfigurationReference = CE6773B27E058B1F48B2FCAA /* Pods-AmigoSecretoApp.release.xcconfig */;
			buildSettings = {
				ASSETCATALOG_COMPILER_APPICON_NAME = AppIcon;
				CODE_SIGN_STYLE = Automatic;
				INFOPLIST_FILE = AmigoSecretoApp/Info.plist;
				IPHONEOS_DEPLOYMENT_TARGET = 11.0;
				LD_RUNPATH_SEARCH_PATHS = (
					"$(inherited)",
					"@executable_path/Frameworks",
				);
				PRODUCT_BUNDLE_IDENTIFIER = Belatrixsf.AmigoSecretoApp;
				PRODUCT_MODULE_NAME = "$(PRODUCT_NAME:c99extidentifier)Extension";
				PRODUCT_NAME = "$(TARGET_NAME)";
				SWIFT_VERSION = 5.0;
				TARGETED_DEVICE_FAMILY = 1;
			};
			name = Release;
		};
		836EBCCE220A23E900FCF852 /* Debug */ = {
			isa = XCBuildConfiguration;
			baseConfigurationReference = C738BFE49DD28D27B2DFFBB2 /* Pods-AmigoSecretoAppTests.debug.xcconfig */;
			buildSettings = {
				ALWAYS_EMBED_SWIFT_STANDARD_LIBRARIES = YES;
				BUNDLE_LOADER = "$(TEST_HOST)";
				CODE_SIGN_STYLE = Automatic;
				INFOPLIST_FILE = AmigoSecretoAppTests/Info.plist;
				LD_RUNPATH_SEARCH_PATHS = (
					"$(inherited)",
					"@executable_path/Frameworks",
					"@loader_path/Frameworks",
				);
				PRODUCT_BUNDLE_IDENTIFIER = Belatrixsf.AmigoSecretoAppTests;
				PRODUCT_NAME = "$(TARGET_NAME)";
				SWIFT_VERSION = 5.0;
				TARGETED_DEVICE_FAMILY = "1,2";
				TEST_HOST = "$(BUILT_PRODUCTS_DIR)/AmigoSecretoApp.app/AmigoSecretoApp";
			};
			name = Debug;
		};
		836EBCCF220A23E900FCF852 /* Release */ = {
			isa = XCBuildConfiguration;
			baseConfigurationReference = B9FA87C909E0AECF3A92F679 /* Pods-AmigoSecretoAppTests.release.xcconfig */;
			buildSettings = {
				ALWAYS_EMBED_SWIFT_STANDARD_LIBRARIES = YES;
				BUNDLE_LOADER = "$(TEST_HOST)";
				CODE_SIGN_STYLE = Automatic;
				INFOPLIST_FILE = AmigoSecretoAppTests/Info.plist;
				LD_RUNPATH_SEARCH_PATHS = (
					"$(inherited)",
					"@executable_path/Frameworks",
					"@loader_path/Frameworks",
				);
				PRODUCT_BUNDLE_IDENTIFIER = Belatrixsf.AmigoSecretoAppTests;
				PRODUCT_NAME = "$(TARGET_NAME)";
				SWIFT_VERSION = 5.0;
				TARGETED_DEVICE_FAMILY = "1,2";
				TEST_HOST = "$(BUILT_PRODUCTS_DIR)/AmigoSecretoApp.app/AmigoSecretoApp";
			};
			name = Release;
		};
		836EBCD1220A23E900FCF852 /* Debug */ = {
			isa = XCBuildConfiguration;
			baseConfigurationReference = BC12DEFF0A4B132809A9CD42 /* Pods-AmigoSecretoAppUITests.debug.xcconfig */;
			buildSettings = {
				ALWAYS_EMBED_SWIFT_STANDARD_LIBRARIES = YES;
				CODE_SIGN_STYLE = Automatic;
				INFOPLIST_FILE = AmigoSecretoAppUITests/Info.plist;
				LD_RUNPATH_SEARCH_PATHS = (
					"$(inherited)",
					"@executable_path/Frameworks",
					"@loader_path/Frameworks",
				);
				PRODUCT_BUNDLE_IDENTIFIER = Belatrixsf.AmigoSecretoAppUITests;
				PRODUCT_NAME = "$(TARGET_NAME)";
				SWIFT_VERSION = 5.0;
				TARGETED_DEVICE_FAMILY = "1,2";
				TEST_TARGET_NAME = AmigoSecretoApp;
			};
			name = Debug;
		};
		836EBCD2220A23E900FCF852 /* Release */ = {
			isa = XCBuildConfiguration;
			baseConfigurationReference = 446F8E1EAF616C889AC0ABA8 /* Pods-AmigoSecretoAppUITests.release.xcconfig */;
			buildSettings = {
				ALWAYS_EMBED_SWIFT_STANDARD_LIBRARIES = YES;
				CODE_SIGN_STYLE = Automatic;
				INFOPLIST_FILE = AmigoSecretoAppUITests/Info.plist;
				LD_RUNPATH_SEARCH_PATHS = (
					"$(inherited)",
					"@executable_path/Frameworks",
					"@loader_path/Frameworks",
				);
				PRODUCT_BUNDLE_IDENTIFIER = Belatrixsf.AmigoSecretoAppUITests;
				PRODUCT_NAME = "$(TARGET_NAME)";
				SWIFT_VERSION = 5.0;
				TARGETED_DEVICE_FAMILY = "1,2";
				TEST_TARGET_NAME = AmigoSecretoApp;
			};
			name = Release;
		};
/* End XCBuildConfiguration section */

/* Begin XCConfigurationList section */
		836EBC9B220A23E600FCF852 /* Build configuration list for PBXProject "AmigoSecretoApp" */ = {
			isa = XCConfigurationList;
			buildConfigurations = (
				836EBCC8220A23E900FCF852 /* Debug */,
				836EBCC9220A23E900FCF852 /* Release */,
			);
			defaultConfigurationIsVisible = 0;
			defaultConfigurationName = Release;
		};
		836EBCCA220A23E900FCF852 /* Build configuration list for PBXNativeTarget "AmigoSecretoApp" */ = {
			isa = XCConfigurationList;
			buildConfigurations = (
				836EBCCB220A23E900FCF852 /* Debug */,
				836EBCCC220A23E900FCF852 /* Release */,
			);
			defaultConfigurationIsVisible = 0;
			defaultConfigurationName = Release;
		};
		836EBCCD220A23E900FCF852 /* Build configuration list for PBXNativeTarget "AmigoSecretoAppTests" */ = {
			isa = XCConfigurationList;
			buildConfigurations = (
				836EBCCE220A23E900FCF852 /* Debug */,
				836EBCCF220A23E900FCF852 /* Release */,
			);
			defaultConfigurationIsVisible = 0;
			defaultConfigurationName = Release;
		};
		836EBCD0220A23E900FCF852 /* Build configuration list for PBXNativeTarget "AmigoSecretoAppUITests" */ = {
			isa = XCConfigurationList;
			buildConfigurations = (
				836EBCD1220A23E900FCF852 /* Debug */,
				836EBCD2220A23E900FCF852 /* Release */,
			);
			defaultConfigurationIsVisible = 0;
			defaultConfigurationName = Release;
		};
/* End XCConfigurationList section */

/* Begin XCVersionGroup section */
		83DC7387220C61C7005300C1 /* AmigoSecretoCoreDataModel.xcdatamodeld */ = {
			isa = XCVersionGroup;
			children = (
				83DC7388220C61C7005300C1 /* AmigoSecretoCoreDataModel.xcdatamodel */,
			);
			currentVersion = 83DC7388220C61C7005300C1 /* AmigoSecretoCoreDataModel.xcdatamodel */;
			path = AmigoSecretoCoreDataModel.xcdatamodeld;
			sourceTree = "<group>";
			versionGroupType = wrapper.xcdatamodel;
		};
/* End XCVersionGroup section */
	};
	rootObject = 836EBC98220A23E600FCF852 /* Project object */;
}
